
Microsoft Visual Studio Solution File, Format Version 12.00
# Visual Studio 15
VisualStudioVersion = 15.0.26430.14
MinimumVisualStudioVersion = 10.0.40219.1
Project("{9A19103F-16F7-4668-BE54-9A1E7A4F7556}") = "LandmarkRemark.UseCase", "LandmarkRemark.UseCase\LandmarkRemark.UseCase.csproj", "{F964AEFC-D50A-47DB-9EDD-6B391572922A}"
EndProject
Project("{9A19103F-16F7-4668-BE54-9A1E7A4F7556}") = "LandmarkRemark.Entity", "LandmarkRemark.Entity\LandmarkRemark.Entity.csproj", "{C29AD7B1-5696-40B2-BC82-71F764C892F3}"
EndProject
Project("{9A19103F-16F7-4668-BE54-9A1E7A4F7556}") = "LandmarkRemark.Infrastructure", "LandmarkRemark.Infrastructure\LandmarkRemark.Infrastructure.csproj", "{8759EE11-7F7E-4E60-BE7B-3DC0F8F3C41F}"
EndProject
Project("{9A19103F-16F7-4668-BE54-9A1E7A4F7556}") = "LandmarkRemark.CrossCutting", "LandmarkRemark.CrossCutting\LandmarkRemark.CrossCutting.csproj", "{BC305FB1-A3ED-4905-9898-0E236EE3DDBE}"
EndProject
Project("{9A19103F-16F7-4668-BE54-9A1E7A4F7556}") = "LandmarkRemark.Bootstrapping", "LandmarkRemark.Bootstrapping\LandmarkRemark.Bootstrapping.csproj", "{EB9AE935-7ECA-4861-9FEA-D585C39CB008}"
EndProject
Project("{9A19103F-16F7-4668-BE54-9A1E7A4F7556}") = "LandmarkRemark.Web", "LandmarkRemark.Web\LandmarkRemark.Web.csproj", "{E55EA788-62AC-4823-BF87-0F9202DADE4D}"
EndProject
Global
	GlobalSection(SolutionConfigurationPlatforms) = preSolution
		Debug|Any CPU = Debug|Any CPU
		Release|Any CPU = Release|Any CPU
	EndGlobalSection
	GlobalSection(ProjectConfigurationPlatforms) = postSolution
		{F964AEFC-D50A-47DB-9EDD-6B391572922A}.Debug|Any CPU.ActiveCfg = Debug|Any CPU
		{F964AEFC-D50A-47DB-9EDD-6B391572922A}.Debug|Any CPU.Build.0 = Debug|Any CPU
		{F964AEFC-D50A-47DB-9EDD-6B391572922A}.Release|Any CPU.ActiveCfg = Release|Any CPU
		{F964AEFC-D50A-47DB-9EDD-6B391572922A}.Release|Any CPU.Build.0 = Release|Any CPU
		{C29AD7B1-5696-40B2-BC82-71F764C892F3}.Debug|Any CPU.ActiveCfg = Debug|Any CPU
		{C29AD7B1-5696-40B2-BC82-71F764C892F3}.Debug|Any CPU.Build.0 = Debug|Any CPU
		{C29AD7B1-5696-40B2-BC82-71F764C892F3}.Release|Any CPU.ActiveCfg = Release|Any CPU
		{C29AD7B1-5696-40B2-BC82-71F764C892F3}.Release|Any CPU.Build.0 = Release|Any CPU
		{8759EE11-7F7E-4E60-BE7B-3DC0F8F3C41F}.Debug|Any CPU.ActiveCfg = Debug|Any CPU
		{8759EE11-7F7E-4E60-BE7B-3DC0F8F3C41F}.Debug|Any CPU.Build.0 = Debug|Any CPU
		{8759EE11-7F7E-4E60-BE7B-3DC0F8F3C41F}.Release|Any CPU.ActiveCfg = Release|Any CPU
		{8759EE11-7F7E-4E60-BE7B-3DC0F8F3C41F}.Release|Any CPU.Build.0 = Release|Any CPU
		{BC305FB1-A3ED-4905-9898-0E236EE3DDBE}.Debug|Any CPU.ActiveCfg = Debug|Any CPU
		{BC305FB1-A3ED-4905-9898-0E236EE3DDBE}.Debug|Any CPU.Build.0 = Debug|Any CPU
		{BC305FB1-A3ED-4905-9898-0E236EE3DDBE}.Release|Any CPU.ActiveCfg = Release|Any CPU
		{BC305FB1-A3ED-4905-9898-0E236EE3DDBE}.Release|Any CPU.Build.0 = Release|Any CPU
		{EB9AE935-7ECA-4861-9FEA-D585C39CB008}.Debug|Any CPU.ActiveCfg = Debug|Any CPU
		{EB9AE935-7ECA-4861-9FEA-D585C39CB008}.Debug|Any CPU.Build.0 = Debug|Any CPU
		{EB9AE935-7ECA-4861-9FEA-D585C39CB008}.Release|Any CPU.ActiveCfg = Release|Any CPU
		{EB9AE935-7ECA-4861-9FEA-D585C39CB008}.Release|Any CPU.Build.0 = Release|Any CPU
		{E55EA788-62AC-4823-BF87-0F9202DADE4D}.Debug|Any CPU.ActiveCfg = Debug|Any CPU
		{E55EA788-62AC-4823-BF87-0F9202DADE4D}.Debug|Any CPU.Build.0 = Debug|Any CPU
		{E55EA788-62AC-4823-BF87-0F9202DADE4D}.Release|Any CPU.ActiveCfg = Release|Any CPU
		{E55EA788-62AC-4823-BF87-0F9202DADE4D}.Release|Any CPU.Build.0 = Release|Any CPU
	EndGlobalSection
	GlobalSection(SolutionProperties) = preSolution
		HideSolutionNode = FALSE
	EndGlobalSection
EndGlobal
